{
  "nodes": {
    "home-manager": {
      "inputs": {
        "nixpkgs": [
          "nixpkgs"
        ]
      },
      "locked": {
        "lastModified": 1720042825,
        "narHash": "sha256-A0vrUB6x82/jvf17qPCpxaM+ulJnD8YZwH9Ci0BsAzE=",
        "owner": "nix-community",
        "repo": "home-manager",
        "rev": "e1391fb22e18a36f57e6999c7a9f966dc80ac073",
        "type": "github"
      },
      "original": {
        "owner": "nix-community",
        "ref": "release-24.05",
        "repo": "home-manager",
        "type": "github"
      }
    },
    "nixpkgs": {
      "locked": {
        "lastModified": 1721429417,
        "narHash": "sha256-AJW9xfwZfYMT9sltcIxxWnbRLV0XVTo7gPHGqc7Ev+4=",
        "owner": "NixOs",
        "repo": "nixpkgs",
        "rev": "74435c9234c751e6786c5f3fd34ff6b0f0c13bd1",
        "type": "github"
      },
      "original": {
        "owner": "NixOs",
        "ref": "release-24.05",
        "repo": "nixpkgs",
        "type": "github"
      }
    },
     "root": {
      "inputs": {
        "home-manager": "home-manager",
        "nixpkgs": "nixpkgs"
      }
    }
  },
  "root": "root",
  "version": 7
}