{
  "nodes": {
    "home-manager": {
      "inputs": {
        "nixpkgs": [
          "nixpkgs"
        ]
      },
      "locked": {
        "lastModified": 1742655702,
        "narHash": "sha256-jbqlw4sPArFtNtA1s3kLg7/A4fzP4GLk9bGbtUJg0JQ=",
        "owner": "nix-community",
        "repo": "home-manager",
        "rev": "0948aeedc296f964140d9429223c7e4a0702a1ff",
        "type": "github"
      },
      "original": {
        "owner": "nix-community",
        "ref": "release-24.11",
        "repo": "home-manager",
        "type": "github"
      }
    },
    "nix-secrets": {
      "flake": false,
      "locked": {
        "lastModified": 1767759599,
        "narHash": "sha256-wQ2wCmYL6AQ9beeH2Ya+AoYYxvCMZpQbBHK3Z1u4axg=",
        "ref": "main",
        "rev": "a6fc655ff82fe3b8836e0b779878065bf34fb9ce",
        "shallow": true,
        "type": "git",
        "url": "ssh://git@github.com/lukethacoder/nix-private.git"
      },
      "original": {
        "ref": "main",
        "shallow": true,
        "type": "git",
        "url": "ssh://git@github.com/lukethacoder/nix-private.git"
      }
    },
    "nixpkgs": {
      "locked": {
        "lastModified": 1743290600,
        "narHash": "sha256-v2NB8B3EahTvJ0Zg6QVJVUjq2cBwZ0UKTwMr2nv9718=",
        "owner": "NixOs",
        "repo": "nixpkgs",
        "rev": "b9c20f02b5c6e5ef418767eac59c2655d18419f0",
        "type": "github"
      },
      "original": {
        "owner": "NixOs",
        "ref": "release-24.11",
        "repo": "nixpkgs",
        "type": "github"
      }
    },
    "root": {
      "inputs": {
        "home-manager": "home-manager",
        "nix-secrets": "nix-secrets",
        "nixpkgs": "nixpkgs",
        "sops-nix": "sops-nix"
      }
    },
    "sops-nix": {
      "inputs": {
        "nixpkgs": [
          "nixpkgs"
        ]
      },
      "locked": {
        "lastModified": 1743305778,
        "narHash": "sha256-Ux/UohNtnM5mn9SFjaHp6IZe2aAnUCzklMluNtV6zFo=",
        "owner": "Mic92",
        "repo": "sops-nix",
        "rev": "8e873886bbfc32163fe027b8676c75637b7da114",
        "type": "github"
      },
      "original": {
        "owner": "Mic92",
        "repo": "sops-nix",
        "type": "github"
      }
    }
  },
  "root": "root",
  "version": 7
}
