{
  "nodes": {
    "home-manager": {
      "inputs": {
        "nixpkgs": [
          "nixpkgs"
        ]
      },
      "locked": {
        "lastModified": 1775425411,
        "narHash": "sha256-KY6HsebJHEe5nHOWP7ur09mb0drGxYSzE3rQxy62rJo=",
        "owner": "nix-community",
        "repo": "home-manager",
        "rev": "0d02ec1d0a05f88ef9e74b516842900c41f0f2fe",
        "type": "github"
      },
      "original": {
        "owner": "nix-community",
        "ref": "release-25.11",
        "repo": "home-manager",
        "type": "github"
      }
    },
    "nix-secrets": {
      "flake": false,
      "locked": {
        "lastModified": 1772626465,
        "narHash": "sha256-FaR4qsSLCC4VPoHvMvMJ9DC8fOKjQWKxo97czm8X23A=",
        "ref": "main",
        "rev": "bd4b5293770bff3e2a4a5a4d3c31674a4fd2f677",
        "shallow": true,
        "type": "git",
        "url": "ssh://git@github.com/lukethacoder/nix-private.git"
      },
      "original": {
        "ref": "main",
        "shallow": true,
        "type": "git",
        "url": "ssh://git@github.com/lukethacoder/nix-private.git"
      }
    },
    "nixpkgs": {
      "locked": {
        "lastModified": 1777766314,
        "narHash": "sha256-J9R0Lc/baeoF8KiP5ISANg8aJ1iDf6VJ8WDY1IyMoHM=",
        "owner": "NixOs",
        "repo": "nixpkgs",
        "rev": "dcfe6655ecdd44dcb5c4cc278476b71ebdf74610",
        "type": "github"
      },
      "original": {
        "owner": "NixOs",
        "ref": "release-25.11",
        "repo": "nixpkgs",
        "type": "github"
      }
    },
    "root": {
      "inputs": {
        "home-manager": "home-manager",
        "nix-secrets": "nix-secrets",
        "nixpkgs": "nixpkgs",
        "sops-nix": "sops-nix"
      }
    },
    "sops-nix": {
      "inputs": {
        "nixpkgs": [
          "nixpkgs"
        ]
      },
      "locked": {
        "lastModified": 1777338324,
        "narHash": "sha256-bc+ZZCmOTNq86/svGnw0tVpH7vJaLYvGLLKFYP08Q8E=",
        "owner": "Mic92",
        "repo": "sops-nix",
        "rev": "8eaee5c45428b28b8c47a83e4c09dccec5f279b5",
        "type": "github"
      },
      "original": {
        "owner": "Mic92",
        "repo": "sops-nix",
        "type": "github"
      }
    }
  },
  "root": "root",
  "version": 7
}
